
Microsoft Visual Studio Solution File, Format Version 12.00
# Visual Studio Version 17
VisualStudioVersion = 17.0.31903.59
MinimumVisualStudioVersion = 10.0.40219.1
Project("{9A19103F-16F7-4668-BE54-9A1E7A4F7556}") = "CarRent", "src\CarRent\CarRent.csproj", "{A3EDC391-CE87-4A6A-8FD4-2B77C3FF5BAD}"
EndProject
Project("{9A19103F-16F7-4668-BE54-9A1E7A4F7556}") = "CarRent.Tests", "tests\CarRent.Tests\CarRent.Tests.csproj", "{1A6ECA8C-AA6A-429F-906A-9D4D1BCC9B2D}"
EndProject
Project("{2150E333-8FDC-42A3-9474-1A3956D46DE8}") = "Source", "Source", "{B403C012-51FC-49DE-823E-AB104113476F}"
EndProject
Project("{2150E333-8FDC-42A3-9474-1A3956D46DE8}") = "Tests", "Tests", "{C6AC1C79-43A9-4885-ACA5-6826EF3AEDCA}"
EndProject
Global
	GlobalSection(SolutionConfigurationPlatforms) = preSolution
		Debug|Any CPU = Debug|Any CPU
		Release|Any CPU = Release|Any CPU
	EndGlobalSection
	GlobalSection(ProjectConfigurationPlatforms) = postSolution
		{A3EDC391-CE87-4A6A-8FD4-2B77C3FF5BAD}.Debug|Any CPU.ActiveCfg = Debug|Any CPU
		{A3EDC391-CE87-4A6A-8FD4-2B77C3FF5BAD}.Debug|Any CPU.Build.0 = Debug|Any CPU
		{A3EDC391-CE87-4A6A-8FD4-2B77C3FF5BAD}.Release|Any CPU.ActiveCfg = Release|Any CPU
		{A3EDC391-CE87-4A6A-8FD4-2B77C3FF5BAD}.Release|Any CPU.Build.0 = Release|Any CPU
		{1A6ECA8C-AA6A-429F-906A-9D4D1BCC9B2D}.Debug|Any CPU.ActiveCfg = Debug|Any CPU
		{1A6ECA8C-AA6A-429F-906A-9D4D1BCC9B2D}.Debug|Any CPU.Build.0 = Debug|Any CPU
		{1A6ECA8C-AA6A-429F-906A-9D4D1BCC9B2D}.Release|Any CPU.ActiveCfg = Release|Any CPU
		{1A6ECA8C-AA6A-429F-906A-9D4D1BCC9B2D}.Release|Any CPU.Build.0 = Release|Any CPU
	EndGlobalSection
	GlobalSection(SolutionProperties) = preSolution
		HideSolutionNode = FALSE
	EndGlobalSection
	GlobalSection(NestedProjects) = preSolution
		{A3EDC391-CE87-4A6A-8FD4-2B77C3FF5BAD} = {B403C012-51FC-49DE-823E-AB104113476F}
		{1A6ECA8C-AA6A-429F-906A-9D4D1BCC9B2D} = {C6AC1C79-43A9-4885-ACA5-6826EF3AEDCA}
	EndGlobalSection
EndGlobal
